
Microsoft Visual Studio Solution File, Format Version 12.00
# Visual Studio Version 17
VisualStudioVersion = 17.14.36127.28
MinimumVisualStudioVersion = 10.0.40219.1
Project("{2150E333-8FDC-42A3-9474-1A3956D46DE8}") = "src", "src", "{02EA681E-C7D8-13C7-8484-4AC65E1B71E8}"
EndProject
Project("{2150E333-8FDC-42A3-9474-1A3956D46DE8}") = "Domain", "Domain", "{6D450C5E-BE38-41E9-9F09-E09A1214BDCC}"
EndProject
Project("{FAE04EC0-301F-11D3-BF4B-00C04F79EFBC}") = "Domain", "src\Domain\Domain.csproj", "{2A8A85A0-F59B-4212-B43E-33807C75D332}"
EndProject
Project("{2150E333-8FDC-42A3-9474-1A3956D46DE8}") = "Application", "Application", "{C30B41A6-A902-4F23-91C4-00A7762FC0E2}"
EndProject
Project("{FAE04EC0-301F-11D3-BF4B-00C04F79EFBC}") = "Application", "src\Application\Application.csproj", "{5CAA361B-D109-4C8B-92E8-BC149D776FE6}"
EndProject
Project("{2150E333-8FDC-42A3-9474-1A3956D46DE8}") = "Persistence", "Persistence", "{B71AACBC-040A-43E3-B653-F2D48678EDB3}"
EndProject
Project("{FAE04EC0-301F-11D3-BF4B-00C04F79EFBC}") = "Persistence", "src\Persistence\Persistence.csproj", "{C55E2523-F0F9-440E-858F-761E1743D5F0}"
EndProject
Project("{2150E333-8FDC-42A3-9474-1A3956D46DE8}") = "Presentation", "Presentation", "{B45547F7-1EA6-457E-A559-6F37A8A8AEFF}"
EndProject
Project("{FAE04EC0-301F-11D3-BF4B-00C04F79EFBC}") = "Presentation", "src\Presentation\Presentation.csproj", "{FF7F9C0A-5FE7-4F5E-9023-ED1F1B518218}"
EndProject
Project("{2150E333-8FDC-42A3-9474-1A3956D46DE8}") = "Infrastructure", "Infrastructure", "{4F107E52-2758-4DC3-A712-F4549906E33B}"
EndProject
Project("{FAE04EC0-301F-11D3-BF4B-00C04F79EFBC}") = "Infrastructure", "src\Infrastructure\Infrastructure.csproj", "{9268E7CE-5855-44E1-AF55-2772FA4EAD9F}"
EndProject
Global
	GlobalSection(SolutionConfigurationPlatforms) = preSolution
		Debug|Any CPU = Debug|Any CPU
		Release|Any CPU = Release|Any CPU
	EndGlobalSection
	GlobalSection(ProjectConfigurationPlatforms) = postSolution
		{2A8A85A0-F59B-4212-B43E-33807C75D332}.Debug|Any CPU.ActiveCfg = Debug|Any CPU
		{2A8A85A0-F59B-4212-B43E-33807C75D332}.Debug|Any CPU.Build.0 = Debug|Any CPU
		{2A8A85A0-F59B-4212-B43E-33807C75D332}.Release|Any CPU.ActiveCfg = Release|Any CPU
		{2A8A85A0-F59B-4212-B43E-33807C75D332}.Release|Any CPU.Build.0 = Release|Any CPU
		{5CAA361B-D109-4C8B-92E8-BC149D776FE6}.Debug|Any CPU.ActiveCfg = Debug|Any CPU
		{5CAA361B-D109-4C8B-92E8-BC149D776FE6}.Debug|Any CPU.Build.0 = Debug|Any CPU
		{5CAA361B-D109-4C8B-92E8-BC149D776FE6}.Release|Any CPU.ActiveCfg = Release|Any CPU
		{5CAA361B-D109-4C8B-92E8-BC149D776FE6}.Release|Any CPU.Build.0 = Release|Any CPU
		{C55E2523-F0F9-440E-858F-761E1743D5F0}.Debug|Any CPU.ActiveCfg = Debug|Any CPU
		{C55E2523-F0F9-440E-858F-761E1743D5F0}.Debug|Any CPU.Build.0 = Debug|Any CPU
		{C55E2523-F0F9-440E-858F-761E1743D5F0}.Release|Any CPU.ActiveCfg = Release|Any CPU
		{C55E2523-F0F9-440E-858F-761E1743D5F0}.Release|Any CPU.Build.0 = Release|Any CPU
		{FF7F9C0A-5FE7-4F5E-9023-ED1F1B518218}.Debug|Any CPU.ActiveCfg = Debug|Any CPU
		{FF7F9C0A-5FE7-4F5E-9023-ED1F1B518218}.Debug|Any CPU.Build.0 = Debug|Any CPU
		{FF7F9C0A-5FE7-4F5E-9023-ED1F1B518218}.Release|Any CPU.ActiveCfg = Release|Any CPU
		{FF7F9C0A-5FE7-4F5E-9023-ED1F1B518218}.Release|Any CPU.Build.0 = Release|Any CPU
		{9268E7CE-5855-44E1-AF55-2772FA4EAD9F}.Debug|Any CPU.ActiveCfg = Debug|Any CPU
		{9268E7CE-5855-44E1-AF55-2772FA4EAD9F}.Debug|Any CPU.Build.0 = Debug|Any CPU
		{9268E7CE-5855-44E1-AF55-2772FA4EAD9F}.Release|Any CPU.ActiveCfg = Release|Any CPU
		{9268E7CE-5855-44E1-AF55-2772FA4EAD9F}.Release|Any CPU.Build.0 = Release|Any CPU
	EndGlobalSection
	GlobalSection(SolutionProperties) = preSolution
		HideSolutionNode = FALSE
	EndGlobalSection
	GlobalSection(NestedProjects) = preSolution
		{6D450C5E-BE38-41E9-9F09-E09A1214BDCC} = {02EA681E-C7D8-13C7-8484-4AC65E1B71E8}
		{2A8A85A0-F59B-4212-B43E-33807C75D332} = {6D450C5E-BE38-41E9-9F09-E09A1214BDCC}
		{C30B41A6-A902-4F23-91C4-00A7762FC0E2} = {02EA681E-C7D8-13C7-8484-4AC65E1B71E8}
		{5CAA361B-D109-4C8B-92E8-BC149D776FE6} = {C30B41A6-A902-4F23-91C4-00A7762FC0E2}
		{B71AACBC-040A-43E3-B653-F2D48678EDB3} = {02EA681E-C7D8-13C7-8484-4AC65E1B71E8}
		{C55E2523-F0F9-440E-858F-761E1743D5F0} = {B71AACBC-040A-43E3-B653-F2D48678EDB3}
		{B45547F7-1EA6-457E-A559-6F37A8A8AEFF} = {02EA681E-C7D8-13C7-8484-4AC65E1B71E8}
		{FF7F9C0A-5FE7-4F5E-9023-ED1F1B518218} = {B45547F7-1EA6-457E-A559-6F37A8A8AEFF}
		{4F107E52-2758-4DC3-A712-F4549906E33B} = {02EA681E-C7D8-13C7-8484-4AC65E1B71E8}
		{9268E7CE-5855-44E1-AF55-2772FA4EAD9F} = {4F107E52-2758-4DC3-A712-F4549906E33B}
	EndGlobalSection
	GlobalSection(ExtensibilityGlobals) = postSolution
		SolutionGuid = {FAB2AA2B-8CE0-4DCB-99E7-79193CCA746D}
	EndGlobalSection
EndGlobal
